
Microsoft Visual Studio Solution File, Format Version 12.00
# Visual Studio 15
VisualStudioVersion = 15.0.28307.572
MinimumVisualStudioVersion = 10.0.40219.1
Project("{FAE04EC0-301F-11D3-BF4B-00C04F79EFBC}") = "GridLayoutExercises.Android", "GridLayoutExercises\GridLayoutExercises.Android\GridLayoutExercises.Android.csproj", "{70B385B4-2E22-4F74-9506-9505C966A566}"
EndProject
Project("{FAE04EC0-301F-11D3-BF4B-00C04F79EFBC}") = "GridLayoutExercises.iOS", "GridLayoutExercises\GridLayoutExercises.iOS\GridLayoutExercises.iOS.csproj", "{917FC036-9E03-4B8B-B4FD-741D5F8E5261}"
EndProject
Project("{FAE04EC0-301F-11D3-BF4B-00C04F79EFBC}") = "GridLayoutExercises", "GridLayoutExercises\GridLayoutExercises\GridLayoutExercises.csproj", "{4756B9DE-1465-4C4F-BD23-87846C83E1DD}"
EndProject
Global
	GlobalSection(SolutionConfigurationPlatforms) = preSolution
		Ad-Hoc|Any CPU = Ad-Hoc|Any CPU
		Ad-Hoc|iPhone = Ad-Hoc|iPhone
		Ad-Hoc|iPhoneSimulator = Ad-Hoc|iPhoneSimulator
		AppStore|Any CPU = AppStore|Any CPU
		AppStore|iPhone = AppStore|iPhone
		AppStore|iPhoneSimulator = AppStore|iPhoneSimulator
		Debug|Any CPU = Debug|Any CPU
		Debug|iPhone = Debug|iPhone
		Debug|iPhoneSimulator = Debug|iPhoneSimulator
		Release|Any CPU = Release|Any CPU
		Release|iPhone = Release|iPhone
		Release|iPhoneSimulator = Release|iPhoneSimulator
	EndGlobalSection
	GlobalSection(ProjectConfigurationPlatforms) = postSolution
		{70B385B4-2E22-4F74-9506-9505C966A566}.Ad-Hoc|Any CPU.ActiveCfg = Release|Any CPU
		{70B385B4-2E22-4F74-9506-9505C966A566}.Ad-Hoc|Any CPU.Build.0 = Release|Any CPU
		{70B385B4-2E22-4F74-9506-9505C966A566}.Ad-Hoc|Any CPU.Deploy.0 = Release|Any CPU
		{70B385B4-2E22-4F74-9506-9505C966A566}.Ad-Hoc|iPhone.ActiveCfg = Release|Any CPU
		{70B385B4-2E22-4F74-9506-9505C966A566}.Ad-Hoc|iPhone.Build.0 = Release|Any CPU
		{70B385B4-2E22-4F74-9506-9505C966A566}.Ad-Hoc|iPhone.Deploy.0 = Release|Any CPU
		{70B385B4-2E22-4F74-9506-9505C966A566}.Ad-Hoc|iPhoneSimulator.ActiveCfg = Release|Any CPU
		{70B385B4-2E22-4F74-9506-9505C966A566}.Ad-Hoc|iPhoneSimulator.Build.0 = Release|Any CPU
		{70B385B4-2E22-4F74-9506-9505C966A566}.Ad-Hoc|iPhoneSimulator.Deploy.0 = Release|Any CPU
		{70B385B4-2E22-4F74-9506-9505C966A566}.AppStore|Any CPU.ActiveCfg = Release|Any CPU
		{70B385B4-2E22-4F74-9506-9505C966A566}.AppStore|Any CPU.Build.0 = Release|Any CPU
		{70B385B4-2E22-4F74-9506-9505C966A566}.AppStore|Any CPU.Deploy.0 = Release|Any CPU
		{70B385B4-2E22-4F74-9506-9505C966A566}.AppStore|iPhone.ActiveCfg = Release|Any CPU
		{70B385B4-2E22-4F74-9506-9505C966A566}.AppStore|iPhone.Build.0 = Release|Any CPU
		{70B385B4-2E22-4F74-9506-9505C966A566}.AppStore|iPhone.Deploy.0 = Release|Any CPU
		{70B385B4-2E22-4F74-9506-9505C966A566}.AppStore|iPhoneSimulator.ActiveCfg = Release|Any CPU
		{70B385B4-2E22-4F74-9506-9505C966A566}.AppStore|iPhoneSimulator.Build.0 = Release|Any CPU
		{70B385B4-2E22-4F74-9506-9505C966A566}.AppStore|iPhoneSimulator.Deploy.0 = Release|Any CPU
		{70B385B4-2E22-4F74-9506-9505C966A566}.Debug|Any CPU.ActiveCfg = Debug|Any CPU
		{70B385B4-2E22-4F74-9506-9505C966A566}.Debug|Any CPU.Build.0 = Debug|Any CPU
		{70B385B4-2E22-4F74-9506-9505C966A566}.Debug|Any CPU.Deploy.0 = Debug|Any CPU
		{70B385B4-2E22-4F74-9506-9505C966A566}.Debug|iPhone.ActiveCfg = Debug|Any CPU
		{70B385B4-2E22-4F74-9506-9505C966A566}.Debug|iPhone.Build.0 = Debug|Any CPU
		{70B385B4-2E22-4F74-9506-9505C966A566}.Debug|iPhone.Deploy.0 = Debug|Any CPU
		{70B385B4-2E22-4F74-9506-9505C966A566}.Debug|iPhoneSimulator.ActiveCfg = Debug|Any CPU
		{70B385B4-2E22-4F74-9506-9505C966A566}.Debug|iPhoneSimulator.Build.0 = Debug|Any CPU
		{70B385B4-2E22-4F74-9506-9505C966A566}.Debug|iPhoneSimulator.Deploy.0 = Debug|Any CPU
		{70B385B4-2E22-4F74-9506-9505C966A566}.Release|Any CPU.ActiveCfg = Release|Any CPU
		{70B385B4-2E22-4F74-9506-9505C966A566}.Release|Any CPU.Build.0 = Release|Any CPU
		{70B385B4-2E22-4F74-9506-9505C966A566}.Release|Any CPU.Deploy.0 = Release|Any CPU
		{70B385B4-2E22-4F74-9506-9505C966A566}.Release|iPhone.ActiveCfg = Release|Any CPU
		{70B385B4-2E22-4F74-9506-9505C966A566}.Release|iPhone.Build.0 = Release|Any CPU
		{70B385B4-2E22-4F74-9506-9505C966A566}.Release|iPhone.Deploy.0 = Release|Any CPU
		{70B385B4-2E22-4F74-9506-9505C966A566}.Release|iPhoneSimulator.ActiveCfg = Release|Any CPU
		{70B385B4-2E22-4F74-9506-9505C966A566}.Release|iPhoneSimulator.Build.0 = Release|Any CPU
		{70B385B4-2E22-4F74-9506-9505C966A566}.Release|iPhoneSimulator.Deploy.0 = Release|Any CPU
		{917FC036-9E03-4B8B-B4FD-741D5F8E5261}.Ad-Hoc|Any CPU.ActiveCfg = Ad-Hoc|iPhone
		{917FC036-9E03-4B8B-B4FD-741D5F8E5261}.Ad-Hoc|Any CPU.Build.0 = Ad-Hoc|iPhone
		{917FC036-9E03-4B8B-B4FD-741D5F8E5261}.Ad-Hoc|Any CPU.Deploy.0 = Ad-Hoc|iPhone
		{917FC036-9E03-4B8B-B4FD-741D5F8E5261}.Ad-Hoc|iPhone.ActiveCfg = Ad-Hoc|iPhone
		{917FC036-9E03-4B8B-B4FD-741D5F8E5261}.Ad-Hoc|iPhone.Build.0 = Ad-Hoc|iPhone
		{917FC036-9E03-4B8B-B4FD-741D5F8E5261}.Ad-Hoc|iPhone.Deploy.0 = Ad-Hoc|iPhone
		{917FC036-9E03-4B8B-B4FD-741D5F8E5261}.Ad-Hoc|iPhoneSimulator.ActiveCfg = Ad-Hoc|iPhoneSimulator
		{917FC036-9E03-4B8B-B4FD-741D5F8E5261}.Ad-Hoc|iPhoneSimulator.Build.0 = Ad-Hoc|iPhoneSimulator
		{917FC036-9E03-4B8B-B4FD-741D5F8E5261}.Ad-Hoc|iPhoneSimulator.Deploy.0 = Ad-Hoc|iPhoneSimulator
		{917FC036-9E03-4B8B-B4FD-741D5F8E5261}.AppStore|Any CPU.ActiveCfg = AppStore|iPhone
		{917FC036-9E03-4B8B-B4FD-741D5F8E5261}.AppStore|Any CPU.Build.0 = AppStore|iPhone
		{917FC036-9E03-4B8B-B4FD-741D5F8E5261}.AppStore|Any CPU.Deploy.0 = AppStore|iPhone
		{917FC036-9E03-4B8B-B4FD-741D5F8E5261}.AppStore|iPhone.ActiveCfg = AppStore|iPhone
		{917FC036-9E03-4B8B-B4FD-741D5F8E5261}.AppStore|iPhone.Build.0 = AppStore|iPhone
		{917FC036-9E03-4B8B-B4FD-741D5F8E5261}.AppStore|iPhone.Deploy.0 = AppStore|iPhone
		{917FC036-9E03-4B8B-B4FD-741D5F8E5261}.AppStore|iPhoneSimulator.ActiveCfg = AppStore|iPhoneSimulator
		{917FC036-9E03-4B8B-B4FD-741D5F8E5261}.AppStore|iPhoneSimulator.Build.0 = AppStore|iPhoneSimulator
		{917FC036-9E03-4B8B-B4FD-741D5F8E5261}.AppStore|iPhoneSimulator.Deploy.0 = AppStore|iPhoneSimulator
		{917FC036-9E03-4B8B-B4FD-741D5F8E5261}.Debug|Any CPU.ActiveCfg = Debug|iPhoneSimulator
		{917FC036-9E03-4B8B-B4FD-741D5F8E5261}.Debug|Any CPU.Build.0 = Debug|iPhoneSimulator
		{917FC036-9E03-4B8B-B4FD-741D5F8E5261}.Debug|Any CPU.Deploy.0 = Debug|iPhoneSimulator
		{917FC036-9E03-4B8B-B4FD-741D5F8E5261}.Debug|iPhone.ActiveCfg = Debug|iPhone
		{917FC036-9E03-4B8B-B4FD-741D5F8E5261}.Debug|iPhone.Build.0 = Debug|iPhone
		{917FC036-9E03-4B8B-B4FD-741D5F8E5261}.Debug|iPhone.Deploy.0 = Debug|iPhone
		{917FC036-9E03-4B8B-B4FD-741D5F8E5261}.Debug|iPhoneSimulator.ActiveCfg = Debug|iPhoneSimulator
		{917FC036-9E03-4B8B-B4FD-741D5F8E5261}.Debug|iPhoneSimulator.Build.0 = Debug|iPhoneSimulator
		{917FC036-9E03-4B8B-B4FD-741D5F8E5261}.Debug|iPhoneSimulator.Deploy.0 = Debug|iPhoneSimulator
		{917FC036-9E03-4B8B-B4FD-741D5F8E5261}.Release|Any CPU.ActiveCfg = Release|iPhone
		{917FC036-9E03-4B8B-B4FD-741D5F8E5261}.Release|Any CPU.Build.0 = Release|iPhone
		{917FC036-9E03-4B8B-B4FD-741D5F8E5261}.Release|Any CPU.Deploy.0 = Release|iPhone
		{917FC036-9E03-4B8B-B4FD-741D5F8E5261}.Release|iPhone.ActiveCfg = Release|iPhone
		{917FC036-9E03-4B8B-B4FD-741D5F8E5261}.Release|iPhone.Build.0 = Release|iPhone
		{917FC036-9E03-4B8B-B4FD-741D5F8E5261}.Release|iPhone.Deploy.0 = Release|iPhone
		{917FC036-9E03-4B8B-B4FD-741D5F8E5261}.Release|iPhoneSimulator.ActiveCfg = Release|iPhoneSimulator
		{917FC036-9E03-4B8B-B4FD-741D5F8E5261}.Release|iPhoneSimulator.Build.0 = Release|iPhoneSimulator
		{917FC036-9E03-4B8B-B4FD-741D5F8E5261}.Release|iPhoneSimulator.Deploy.0 = Release|iPhoneSimulator
		{4756B9DE-1465-4C4F-BD23-87846C83E1DD}.Ad-Hoc|Any CPU.ActiveCfg = Debug|Any CPU
		{4756B9DE-1465-4C4F-BD23-87846C83E1DD}.Ad-Hoc|Any CPU.Build.0 = Debug|Any CPU
		{4756B9DE-1465-4C4F-BD23-87846C83E1DD}.Ad-Hoc|Any CPU.Deploy.0 = Debug|Any CPU
		{4756B9DE-1465-4C4F-BD23-87846C83E1DD}.Ad-Hoc|iPhone.ActiveCfg = Debug|Any CPU
		{4756B9DE-1465-4C4F-BD23-87846C83E1DD}.Ad-Hoc|iPhone.Build.0 = Debug|Any CPU
		{4756B9DE-1465-4C4F-BD23-87846C83E1DD}.Ad-Hoc|iPhone.Deploy.0 = Debug|Any CPU
		{4756B9DE-1465-4C4F-BD23-87846C83E1DD}.Ad-Hoc|iPhoneSimulator.ActiveCfg = Debug|Any CPU
		{4756B9DE-1465-4C4F-BD23-87846C83E1DD}.Ad-Hoc|iPhoneSimulator.Build.0 = Debug|Any CPU
		{4756B9DE-1465-4C4F-BD23-87846C83E1DD}.Ad-Hoc|iPhoneSimulator.Deploy.0 = Debug|Any CPU
		{4756B9DE-1465-4C4F-BD23-87846C83E1DD}.AppStore|Any CPU.ActiveCfg = Debug|Any CPU
		{4756B9DE-1465-4C4F-BD23-87846C83E1DD}.AppStore|Any CPU.Build.0 = Debug|Any CPU
		{4756B9DE-1465-4C4F-BD23-87846C83E1DD}.AppStore|Any CPU.Deploy.0 = Debug|Any CPU
		{4756B9DE-1465-4C4F-BD23-87846C83E1DD}.AppStore|iPhone.ActiveCfg = Debug|Any CPU
		{4756B9DE-1465-4C4F-BD23-87846C83E1DD}.AppStore|iPhone.Build.0 = Debug|Any CPU
		{4756B9DE-1465-4C4F-BD23-87846C83E1DD}.AppStore|iPhone.Deploy.0 = Debug|Any CPU
		{4756B9DE-1465-4C4F-BD23-87846C83E1DD}.AppStore|iPhoneSimulator.ActiveCfg = Debug|Any CPU
		{4756B9DE-1465-4C4F-BD23-87846C83E1DD}.AppStore|iPhoneSimulator.Build.0 = Debug|Any CPU
		{4756B9DE-1465-4C4F-BD23-87846C83E1DD}.AppStore|iPhoneSimulator.Deploy.0 = Debug|Any CPU
		{4756B9DE-1465-4C4F-BD23-87846C83E1DD}.Debug|Any CPU.ActiveCfg = Debug|Any CPU
		{4756B9DE-1465-4C4F-BD23-87846C83E1DD}.Debug|Any CPU.Build.0 = Debug|Any CPU
		{4756B9DE-1465-4C4F-BD23-87846C83E1DD}.Debug|Any CPU.Deploy.0 = Debug|Any CPU
		{4756B9DE-1465-4C4F-BD23-87846C83E1DD}.Debug|iPhone.ActiveCfg = Debug|Any CPU
		{4756B9DE-1465-4C4F-BD23-87846C83E1DD}.Debug|iPhone.Build.0 = Debug|Any CPU
		{4756B9DE-1465-4C4F-BD23-87846C83E1DD}.Debug|iPhone.Deploy.0 = Debug|Any CPU
		{4756B9DE-1465-4C4F-BD23-87846C83E1DD}.Debug|iPhoneSimulator.ActiveCfg = Debug|Any CPU
		{4756B9DE-1465-4C4F-BD23-87846C83E1DD}.Debug|iPhoneSimulator.Build.0 = Debug|Any CPU
		{4756B9DE-1465-4C4F-BD23-87846C83E1DD}.Debug|iPhoneSimulator.Deploy.0 = Debug|Any CPU
		{4756B9DE-1465-4C4F-BD23-87846C83E1DD}.Release|Any CPU.ActiveCfg = Release|Any CPU
		{4756B9DE-1465-4C4F-BD23-87846C83E1DD}.Release|Any CPU.Build.0 = Release|Any CPU
		{4756B9DE-1465-4C4F-BD23-87846C83E1DD}.Release|Any CPU.Deploy.0 = Release|Any CPU
		{4756B9DE-1465-4C4F-BD23-87846C83E1DD}.Release|iPhone.ActiveCfg = Release|Any CPU
		{4756B9DE-1465-4C4F-BD23-87846C83E1DD}.Release|iPhone.Build.0 = Release|Any CPU
		{4756B9DE-1465-4C4F-BD23-87846C83E1DD}.Release|iPhone.Deploy.0 = Release|Any CPU
		{4756B9DE-1465-4C4F-BD23-87846C83E1DD}.Release|iPhoneSimulator.ActiveCfg = Release|Any CPU
		{4756B9DE-1465-4C4F-BD23-87846C83E1DD}.Release|iPhoneSimulator.Build.0 = Release|Any CPU
		{4756B9DE-1465-4C4F-BD23-87846C83E1DD}.Release|iPhoneSimulator.Deploy.0 = Release|Any CPU
	EndGlobalSection
	GlobalSection(SolutionProperties) = preSolution
		HideSolutionNode = FALSE
	EndGlobalSection
	GlobalSection(ExtensibilityGlobals) = postSolution
		SolutionGuid = {60A5DC6E-0F20-4396-8A54-AEBFF8BAFCDE}
	EndGlobalSection
EndGlobal
