
Microsoft Visual Studio Solution File, Format Version 12.00
# Visual Studio 15
VisualStudioVersion = 15.0.28307.572
MinimumVisualStudioVersion = 10.0.40219.1
Project("{FAE04EC0-301F-11D3-BF4B-00C04F79EFBC}") = "PhotoGalleryExercise.Android", "PhotoGalleryExercise\PhotoGalleryExercise.Android\PhotoGalleryExercise.Android.csproj", "{AB378FD7-AAA4-40DA-8D48-5D0A485999BA}"
EndProject
Project("{FAE04EC0-301F-11D3-BF4B-00C04F79EFBC}") = "PhotoGalleryExercise.iOS", "PhotoGalleryExercise\PhotoGalleryExercise.iOS\PhotoGalleryExercise.iOS.csproj", "{3E778780-9025-4A0F-B397-201268F127AF}"
EndProject
Project("{FAE04EC0-301F-11D3-BF4B-00C04F79EFBC}") = "PhotoGalleryExercise", "PhotoGalleryExercise\PhotoGalleryExercise\PhotoGalleryExercise.csproj", "{B3E5E07E-50F7-421C-A557-D2AD619ECD8A}"
EndProject
Global
	GlobalSection(SolutionConfigurationPlatforms) = preSolution
		Ad-Hoc|Any CPU = Ad-Hoc|Any CPU
		Ad-Hoc|iPhone = Ad-Hoc|iPhone
		Ad-Hoc|iPhoneSimulator = Ad-Hoc|iPhoneSimulator
		AppStore|Any CPU = AppStore|Any CPU
		AppStore|iPhone = AppStore|iPhone
		AppStore|iPhoneSimulator = AppStore|iPhoneSimulator
		Debug|Any CPU = Debug|Any CPU
		Debug|iPhone = Debug|iPhone
		Debug|iPhoneSimulator = Debug|iPhoneSimulator
		Release|Any CPU = Release|Any CPU
		Release|iPhone = Release|iPhone
		Release|iPhoneSimulator = Release|iPhoneSimulator
	EndGlobalSection
	GlobalSection(ProjectConfigurationPlatforms) = postSolution
		{AB378FD7-AAA4-40DA-8D48-5D0A485999BA}.Ad-Hoc|Any CPU.ActiveCfg = Release|Any CPU
		{AB378FD7-AAA4-40DA-8D48-5D0A485999BA}.Ad-Hoc|Any CPU.Build.0 = Release|Any CPU
		{AB378FD7-AAA4-40DA-8D48-5D0A485999BA}.Ad-Hoc|Any CPU.Deploy.0 = Release|Any CPU
		{AB378FD7-AAA4-40DA-8D48-5D0A485999BA}.Ad-Hoc|iPhone.ActiveCfg = Release|Any CPU
		{AB378FD7-AAA4-40DA-8D48-5D0A485999BA}.Ad-Hoc|iPhone.Build.0 = Release|Any CPU
		{AB378FD7-AAA4-40DA-8D48-5D0A485999BA}.Ad-Hoc|iPhone.Deploy.0 = Release|Any CPU
		{AB378FD7-AAA4-40DA-8D48-5D0A485999BA}.Ad-Hoc|iPhoneSimulator.ActiveCfg = Release|Any CPU
		{AB378FD7-AAA4-40DA-8D48-5D0A485999BA}.Ad-Hoc|iPhoneSimulator.Build.0 = Release|Any CPU
		{AB378FD7-AAA4-40DA-8D48-5D0A485999BA}.Ad-Hoc|iPhoneSimulator.Deploy.0 = Release|Any CPU
		{AB378FD7-AAA4-40DA-8D48-5D0A485999BA}.AppStore|Any CPU.ActiveCfg = Release|Any CPU
		{AB378FD7-AAA4-40DA-8D48-5D0A485999BA}.AppStore|Any CPU.Build.0 = Release|Any CPU
		{AB378FD7-AAA4-40DA-8D48-5D0A485999BA}.AppStore|Any CPU.Deploy.0 = Release|Any CPU
		{AB378FD7-AAA4-40DA-8D48-5D0A485999BA}.AppStore|iPhone.ActiveCfg = Release|Any CPU
		{AB378FD7-AAA4-40DA-8D48-5D0A485999BA}.AppStore|iPhone.Build.0 = Release|Any CPU
		{AB378FD7-AAA4-40DA-8D48-5D0A485999BA}.AppStore|iPhone.Deploy.0 = Release|Any CPU
		{AB378FD7-AAA4-40DA-8D48-5D0A485999BA}.AppStore|iPhoneSimulator.ActiveCfg = Release|Any CPU
		{AB378FD7-AAA4-40DA-8D48-5D0A485999BA}.AppStore|iPhoneSimulator.Build.0 = Release|Any CPU
		{AB378FD7-AAA4-40DA-8D48-5D0A485999BA}.AppStore|iPhoneSimulator.Deploy.0 = Release|Any CPU
		{AB378FD7-AAA4-40DA-8D48-5D0A485999BA}.Debug|Any CPU.ActiveCfg = Debug|Any CPU
		{AB378FD7-AAA4-40DA-8D48-5D0A485999BA}.Debug|Any CPU.Build.0 = Debug|Any CPU
		{AB378FD7-AAA4-40DA-8D48-5D0A485999BA}.Debug|Any CPU.Deploy.0 = Debug|Any CPU
		{AB378FD7-AAA4-40DA-8D48-5D0A485999BA}.Debug|iPhone.ActiveCfg = Debug|Any CPU
		{AB378FD7-AAA4-40DA-8D48-5D0A485999BA}.Debug|iPhone.Build.0 = Debug|Any CPU
		{AB378FD7-AAA4-40DA-8D48-5D0A485999BA}.Debug|iPhone.Deploy.0 = Debug|Any CPU
		{AB378FD7-AAA4-40DA-8D48-5D0A485999BA}.Debug|iPhoneSimulator.ActiveCfg = Debug|Any CPU
		{AB378FD7-AAA4-40DA-8D48-5D0A485999BA}.Debug|iPhoneSimulator.Build.0 = Debug|Any CPU
		{AB378FD7-AAA4-40DA-8D48-5D0A485999BA}.Debug|iPhoneSimulator.Deploy.0 = Debug|Any CPU
		{AB378FD7-AAA4-40DA-8D48-5D0A485999BA}.Release|Any CPU.ActiveCfg = Release|Any CPU
		{AB378FD7-AAA4-40DA-8D48-5D0A485999BA}.Release|Any CPU.Build.0 = Release|Any CPU
		{AB378FD7-AAA4-40DA-8D48-5D0A485999BA}.Release|Any CPU.Deploy.0 = Release|Any CPU
		{AB378FD7-AAA4-40DA-8D48-5D0A485999BA}.Release|iPhone.ActiveCfg = Release|Any CPU
		{AB378FD7-AAA4-40DA-8D48-5D0A485999BA}.Release|iPhone.Build.0 = Release|Any CPU
		{AB378FD7-AAA4-40DA-8D48-5D0A485999BA}.Release|iPhone.Deploy.0 = Release|Any CPU
		{AB378FD7-AAA4-40DA-8D48-5D0A485999BA}.Release|iPhoneSimulator.ActiveCfg = Release|Any CPU
		{AB378FD7-AAA4-40DA-8D48-5D0A485999BA}.Release|iPhoneSimulator.Build.0 = Release|Any CPU
		{AB378FD7-AAA4-40DA-8D48-5D0A485999BA}.Release|iPhoneSimulator.Deploy.0 = Release|Any CPU
		{3E778780-9025-4A0F-B397-201268F127AF}.Ad-Hoc|Any CPU.ActiveCfg = Ad-Hoc|iPhone
		{3E778780-9025-4A0F-B397-201268F127AF}.Ad-Hoc|Any CPU.Build.0 = Ad-Hoc|iPhone
		{3E778780-9025-4A0F-B397-201268F127AF}.Ad-Hoc|Any CPU.Deploy.0 = Ad-Hoc|iPhone
		{3E778780-9025-4A0F-B397-201268F127AF}.Ad-Hoc|iPhone.ActiveCfg = Ad-Hoc|iPhone
		{3E778780-9025-4A0F-B397-201268F127AF}.Ad-Hoc|iPhone.Build.0 = Ad-Hoc|iPhone
		{3E778780-9025-4A0F-B397-201268F127AF}.Ad-Hoc|iPhone.Deploy.0 = Ad-Hoc|iPhone
		{3E778780-9025-4A0F-B397-201268F127AF}.Ad-Hoc|iPhoneSimulator.ActiveCfg = Ad-Hoc|iPhoneSimulator
		{3E778780-9025-4A0F-B397-201268F127AF}.Ad-Hoc|iPhoneSimulator.Build.0 = Ad-Hoc|iPhoneSimulator
		{3E778780-9025-4A0F-B397-201268F127AF}.Ad-Hoc|iPhoneSimulator.Deploy.0 = Ad-Hoc|iPhoneSimulator
		{3E778780-9025-4A0F-B397-201268F127AF}.AppStore|Any CPU.ActiveCfg = AppStore|iPhone
		{3E778780-9025-4A0F-B397-201268F127AF}.AppStore|Any CPU.Build.0 = AppStore|iPhone
		{3E778780-9025-4A0F-B397-201268F127AF}.AppStore|Any CPU.Deploy.0 = AppStore|iPhone
		{3E778780-9025-4A0F-B397-201268F127AF}.AppStore|iPhone.ActiveCfg = AppStore|iPhone
		{3E778780-9025-4A0F-B397-201268F127AF}.AppStore|iPhone.Build.0 = AppStore|iPhone
		{3E778780-9025-4A0F-B397-201268F127AF}.AppStore|iPhone.Deploy.0 = AppStore|iPhone
		{3E778780-9025-4A0F-B397-201268F127AF}.AppStore|iPhoneSimulator.ActiveCfg = AppStore|iPhoneSimulator
		{3E778780-9025-4A0F-B397-201268F127AF}.AppStore|iPhoneSimulator.Build.0 = AppStore|iPhoneSimulator
		{3E778780-9025-4A0F-B397-201268F127AF}.AppStore|iPhoneSimulator.Deploy.0 = AppStore|iPhoneSimulator
		{3E778780-9025-4A0F-B397-201268F127AF}.Debug|Any CPU.ActiveCfg = Debug|iPhoneSimulator
		{3E778780-9025-4A0F-B397-201268F127AF}.Debug|Any CPU.Build.0 = Debug|iPhoneSimulator
		{3E778780-9025-4A0F-B397-201268F127AF}.Debug|Any CPU.Deploy.0 = Debug|iPhoneSimulator
		{3E778780-9025-4A0F-B397-201268F127AF}.Debug|iPhone.ActiveCfg = Debug|iPhone
		{3E778780-9025-4A0F-B397-201268F127AF}.Debug|iPhone.Build.0 = Debug|iPhone
		{3E778780-9025-4A0F-B397-201268F127AF}.Debug|iPhone.Deploy.0 = Debug|iPhone
		{3E778780-9025-4A0F-B397-201268F127AF}.Debug|iPhoneSimulator.ActiveCfg = Debug|iPhoneSimulator
		{3E778780-9025-4A0F-B397-201268F127AF}.Debug|iPhoneSimulator.Build.0 = Debug|iPhoneSimulator
		{3E778780-9025-4A0F-B397-201268F127AF}.Debug|iPhoneSimulator.Deploy.0 = Debug|iPhoneSimulator
		{3E778780-9025-4A0F-B397-201268F127AF}.Release|Any CPU.ActiveCfg = Release|iPhone
		{3E778780-9025-4A0F-B397-201268F127AF}.Release|Any CPU.Build.0 = Release|iPhone
		{3E778780-9025-4A0F-B397-201268F127AF}.Release|Any CPU.Deploy.0 = Release|iPhone
		{3E778780-9025-4A0F-B397-201268F127AF}.Release|iPhone.ActiveCfg = Release|iPhone
		{3E778780-9025-4A0F-B397-201268F127AF}.Release|iPhone.Build.0 = Release|iPhone
		{3E778780-9025-4A0F-B397-201268F127AF}.Release|iPhone.Deploy.0 = Release|iPhone
		{3E778780-9025-4A0F-B397-201268F127AF}.Release|iPhoneSimulator.ActiveCfg = Release|iPhoneSimulator
		{3E778780-9025-4A0F-B397-201268F127AF}.Release|iPhoneSimulator.Build.0 = Release|iPhoneSimulator
		{3E778780-9025-4A0F-B397-201268F127AF}.Release|iPhoneSimulator.Deploy.0 = Release|iPhoneSimulator
		{B3E5E07E-50F7-421C-A557-D2AD619ECD8A}.Ad-Hoc|Any CPU.ActiveCfg = Debug|Any CPU
		{B3E5E07E-50F7-421C-A557-D2AD619ECD8A}.Ad-Hoc|Any CPU.Build.0 = Debug|Any CPU
		{B3E5E07E-50F7-421C-A557-D2AD619ECD8A}.Ad-Hoc|Any CPU.Deploy.0 = Debug|Any CPU
		{B3E5E07E-50F7-421C-A557-D2AD619ECD8A}.Ad-Hoc|iPhone.ActiveCfg = Debug|Any CPU
		{B3E5E07E-50F7-421C-A557-D2AD619ECD8A}.Ad-Hoc|iPhone.Build.0 = Debug|Any CPU
		{B3E5E07E-50F7-421C-A557-D2AD619ECD8A}.Ad-Hoc|iPhone.Deploy.0 = Debug|Any CPU
		{B3E5E07E-50F7-421C-A557-D2AD619ECD8A}.Ad-Hoc|iPhoneSimulator.ActiveCfg = Debug|Any CPU
		{B3E5E07E-50F7-421C-A557-D2AD619ECD8A}.Ad-Hoc|iPhoneSimulator.Build.0 = Debug|Any CPU
		{B3E5E07E-50F7-421C-A557-D2AD619ECD8A}.Ad-Hoc|iPhoneSimulator.Deploy.0 = Debug|Any CPU
		{B3E5E07E-50F7-421C-A557-D2AD619ECD8A}.AppStore|Any CPU.ActiveCfg = Debug|Any CPU
		{B3E5E07E-50F7-421C-A557-D2AD619ECD8A}.AppStore|Any CPU.Build.0 = Debug|Any CPU
		{B3E5E07E-50F7-421C-A557-D2AD619ECD8A}.AppStore|Any CPU.Deploy.0 = Debug|Any CPU
		{B3E5E07E-50F7-421C-A557-D2AD619ECD8A}.AppStore|iPhone.ActiveCfg = Debug|Any CPU
		{B3E5E07E-50F7-421C-A557-D2AD619ECD8A}.AppStore|iPhone.Build.0 = Debug|Any CPU
		{B3E5E07E-50F7-421C-A557-D2AD619ECD8A}.AppStore|iPhone.Deploy.0 = Debug|Any CPU
		{B3E5E07E-50F7-421C-A557-D2AD619ECD8A}.AppStore|iPhoneSimulator.ActiveCfg = Debug|Any CPU
		{B3E5E07E-50F7-421C-A557-D2AD619ECD8A}.AppStore|iPhoneSimulator.Build.0 = Debug|Any CPU
		{B3E5E07E-50F7-421C-A557-D2AD619ECD8A}.AppStore|iPhoneSimulator.Deploy.0 = Debug|Any CPU
		{B3E5E07E-50F7-421C-A557-D2AD619ECD8A}.Debug|Any CPU.ActiveCfg = Debug|Any CPU
		{B3E5E07E-50F7-421C-A557-D2AD619ECD8A}.Debug|Any CPU.Build.0 = Debug|Any CPU
		{B3E5E07E-50F7-421C-A557-D2AD619ECD8A}.Debug|Any CPU.Deploy.0 = Debug|Any CPU
		{B3E5E07E-50F7-421C-A557-D2AD619ECD8A}.Debug|iPhone.ActiveCfg = Debug|Any CPU
		{B3E5E07E-50F7-421C-A557-D2AD619ECD8A}.Debug|iPhone.Build.0 = Debug|Any CPU
		{B3E5E07E-50F7-421C-A557-D2AD619ECD8A}.Debug|iPhone.Deploy.0 = Debug|Any CPU
		{B3E5E07E-50F7-421C-A557-D2AD619ECD8A}.Debug|iPhoneSimulator.ActiveCfg = Debug|Any CPU
		{B3E5E07E-50F7-421C-A557-D2AD619ECD8A}.Debug|iPhoneSimulator.Build.0 = Debug|Any CPU
		{B3E5E07E-50F7-421C-A557-D2AD619ECD8A}.Debug|iPhoneSimulator.Deploy.0 = Debug|Any CPU
		{B3E5E07E-50F7-421C-A557-D2AD619ECD8A}.Release|Any CPU.ActiveCfg = Release|Any CPU
		{B3E5E07E-50F7-421C-A557-D2AD619ECD8A}.Release|Any CPU.Build.0 = Release|Any CPU
		{B3E5E07E-50F7-421C-A557-D2AD619ECD8A}.Release|Any CPU.Deploy.0 = Release|Any CPU
		{B3E5E07E-50F7-421C-A557-D2AD619ECD8A}.Release|iPhone.ActiveCfg = Release|Any CPU
		{B3E5E07E-50F7-421C-A557-D2AD619ECD8A}.Release|iPhone.Build.0 = Release|Any CPU
		{B3E5E07E-50F7-421C-A557-D2AD619ECD8A}.Release|iPhone.Deploy.0 = Release|Any CPU
		{B3E5E07E-50F7-421C-A557-D2AD619ECD8A}.Release|iPhoneSimulator.ActiveCfg = Release|Any CPU
		{B3E5E07E-50F7-421C-A557-D2AD619ECD8A}.Release|iPhoneSimulator.Build.0 = Release|Any CPU
		{B3E5E07E-50F7-421C-A557-D2AD619ECD8A}.Release|iPhoneSimulator.Deploy.0 = Release|Any CPU
	EndGlobalSection
	GlobalSection(SolutionProperties) = preSolution
		HideSolutionNode = FALSE
	EndGlobalSection
	GlobalSection(ExtensibilityGlobals) = postSolution
		SolutionGuid = {F3E33D0C-6235-4CC3-AB78-7D517E9612A4}
	EndGlobalSection
EndGlobal
